
Microsoft Visual Studio Solution File, Format Version 12.00
# Visual Studio Version 17
VisualStudioVersion = 17.7.34221.43
MinimumVisualStudioVersion = 10.0.40219.1
Project("{FAE04EC0-301F-11D3-BF4B-00C04F79EFBC}") = "CalculoMinNotaseMoedas", "CalculoMinNotaseMoedas.csproj", "{D334FE1A-846D-4DD2-8BFA-4A165B870225}"
EndProject
Global
	GlobalSection(SolutionConfigurationPlatforms) = preSolution
		Debug|Any CPU = Debug|Any CPU
		Release|Any CPU = Release|Any CPU
	EndGlobalSection
	GlobalSection(ProjectConfigurationPlatforms) = postSolution
		{D334FE1A-846D-4DD2-8BFA-4A165B870225}.Debug|Any CPU.ActiveCfg = Debug|Any CPU
		{D334FE1A-846D-4DD2-8BFA-4A165B870225}.Debug|Any CPU.Build.0 = Debug|Any CPU
		{D334FE1A-846D-4DD2-8BFA-4A165B870225}.Release|Any CPU.ActiveCfg = Release|Any CPU
		{D334FE1A-846D-4DD2-8BFA-4A165B870225}.Release|Any CPU.Build.0 = Release|Any CPU
	EndGlobalSection
	GlobalSection(SolutionProperties) = preSolution
		HideSolutionNode = FALSE
	EndGlobalSection
	GlobalSection(ExtensibilityGlobals) = postSolution
		SolutionGuid = {561448A5-3CEB-4738-AE49-0931E8A3121E}
	EndGlobalSection
EndGlobal
